
Microsoft Visual Studio Solution File, Format Version 12.00
# Visual Studio 14
VisualStudioVersion = 14.0.25420.1
MinimumVisualStudioVersion = 10.0.40219.1
Project("{FAE04EC0-301F-11D3-BF4B-00C04F79EFBC}") = "Placeholder", "Placeholder\Placeholder.csproj", "{8A215F59-6B58-4B17-82F0-5EB8A98D850D}"
EndProject
Global
	GlobalSection(SolutionConfigurationPlatforms) = preSolution
		Debug|Any CPU = Debug|Any CPU
		Release|Any CPU = Release|Any CPU
	EndGlobalSection
	GlobalSection(ProjectConfigurationPlatforms) = postSolution
		{8A215F59-6B58-4B17-82F0-5EB8A98D850D}.Debug|Any CPU.ActiveCfg = Debug|Any CPU
		{8A215F59-6B58-4B17-82F0-5EB8A98D850D}.Debug|Any CPU.Build.0 = Debug|Any CPU
		{8A215F59-6B58-4B17-82F0-5EB8A98D850D}.Release|Any CPU.ActiveCfg = Release|Any CPU
		{8A215F59-6B58-4B17-82F0-5EB8A98D850D}.Release|Any CPU.Build.0 = Release|Any CPU
	EndGlobalSection
	GlobalSection(SolutionProperties) = preSolution
		HideSolutionNode = FALSE
	EndGlobalSection
	GlobalSection(ExtensibilityGlobals) = postSolution
		EnterpriseLibraryConfigurationToolBinariesPath = packages\Unity.2.1.505.0\lib\NET35;packages\Unity.Interception.2.1.505.0\lib\NET35;packages\EnterpriseLibrary.Common.5.0.505.0\lib\NET35
	EndGlobalSection
EndGlobal
